
Microsoft Visual Studio Solution File, Format Version 12.00
# Visual Studio 15
VisualStudioVersion = 15.0.28307.757
MinimumVisualStudioVersion = 10.0.40219.1
Project("{8BC9CEB8-8B4A-11D0-8D11-00A0C91BC942}") = "PluralSight-SmallestApp", "PluralSight-SmallestApp\PluralSight-SmallestApp.vcxproj", "{E9EEE130-3E85-4515-8859-6641E2603B55}"
EndProject
Global
	GlobalSection(SolutionConfigurationPlatforms) = preSolution
		Debug|x64 = Debug|x64
		Debug|x86 = Debug|x86
		Release|x64 = Release|x64
		Release|x86 = Release|x86
	EndGlobalSection
	GlobalSection(ProjectConfigurationPlatforms) = postSolution
		{E9EEE130-3E85-4515-8859-6641E2603B55}.Debug|x64.ActiveCfg = Debug|x64
		{E9EEE130-3E85-4515-8859-6641E2603B55}.Debug|x64.Build.0 = Debug|x64
		{E9EEE130-3E85-4515-8859-6641E2603B55}.Debug|x86.ActiveCfg = Debug|Win32
		{E9EEE130-3E85-4515-8859-6641E2603B55}.Debug|x86.Build.0 = Debug|Win32
		{E9EEE130-3E85-4515-8859-6641E2603B55}.Release|x64.ActiveCfg = Release|x64
		{E9EEE130-3E85-4515-8859-6641E2603B55}.Release|x64.Build.0 = Release|x64
		{E9EEE130-3E85-4515-8859-6641E2603B55}.Release|x86.ActiveCfg = Release|Win32
		{E9EEE130-3E85-4515-8859-6641E2603B55}.Release|x86.Build.0 = Release|Win32
	EndGlobalSection
	GlobalSection(SolutionProperties) = preSolution
		HideSolutionNode = FALSE
	EndGlobalSection
	GlobalSection(ExtensibilityGlobals) = postSolution
		SolutionGuid = {3F13F800-1C62-4BBA-A8F1-D51330614470}
	EndGlobalSection
EndGlobal
